
Microsoft Visual Studio Solution File, Format Version 12.00
# Visual Studio Version 17
VisualStudioVersion = 17.0.31903.59
MinimumVisualStudioVersion = 10.0.40219.1
Project("{2150E333-8FDC-42A3-9474-1A3956D46DE8}") = "src", "src", "{8E83E2EB-D8D9-4D34-98E2-445D60D30EB9}"
EndProject
Project("{2150E333-8FDC-42A3-9474-1A3956D46DE8}") = "Core", "Core", "{21CF4CAE-5B7B-445C-8383-013F645053A0}"
EndProject
Project("{FAE04EC0-301F-11D3-BF4B-00C04F79EFBC}") = "NatureMiniPlex.Domain", "src\Core\Domain\NatureMiniPlex.Domain.csproj", "{E05D5AF5-B8DF-4EB2-A49E-52ABC18F40E0}"
EndProject
Project("{FAE04EC0-301F-11D3-BF4B-00C04F79EFBC}") = "NatureMiniPlex.Application", "src\Core\Application\NatureMiniPlex.Application.csproj", "{BFBC2998-1F60-4144-AA1A-F1468D84A1F7}"
EndProject
Project("{FAE04EC0-301F-11D3-BF4B-00C04F79EFBC}") = "NatureMiniPlex.Infrastructure", "src\Infrastructure\NatureMiniPlex.Infrastructure.csproj", "{56413869-3D18-4407-A714-5AFD1683CE34}"
EndProject
Project("{FAE04EC0-301F-11D3-BF4B-00C04F79EFBC}") = "NatureMiniPlex.API", "src\API\NatureMiniPlex.API.csproj", "{5834835A-D90F-463A-9CA4-F7FDDE9AEC6D}"
EndProject
Project("{2150E333-8FDC-42A3-9474-1A3956D46DE8}") = "tests", "tests", "{0AB3BF05-4346-4AA6-1389-037BE0695223}"
EndProject
Project("{FAE04EC0-301F-11D3-BF4B-00C04F79EFBC}") = "NatureMiniPlex.Application.UnitTests", "tests\NatureMiniPlex.Application.UnitTests\NatureMiniPlex.Application.UnitTests.csproj", "{352FF75F-0A86-44C2-BB94-E6FCB22D4145}"
EndProject
Project("{2150E333-8FDC-42A3-9474-1A3956D46DE8}") = "Application", "Application", "{4A75F0FC-6348-B30D-E8B5-3843AFAAEACF}"
EndProject
Project("{2150E333-8FDC-42A3-9474-1A3956D46DE8}") = "Domain", "Domain", "{CD81B9DD-8575-3F62-2786-7A4C5776B3E1}"
EndProject
Project("{FAE04EC0-301F-11D3-BF4B-00C04F79EFBC}") = "NatureMiniPlex.Domain.UnitTests", "tests\NatureMiniPlex.Domain.UnitTests\NatureMiniPlex.Domain.UnitTests.csproj", "{AC8B70A3-9011-489E-B67F-267220B9CA87}"
EndProject
Project("{FAE04EC0-301F-11D3-BF4B-00C04F79EFBC}") = "NatureMiniPlex.API.IntegrationTests", "tests\NatureMiniPlex.API.IntegrationTests\NatureMiniPlex.API.IntegrationTests.csproj", "{9B2CA083-B722-441C-A308-32A467EDDFE0}"
EndProject
Global
	GlobalSection(SolutionConfigurationPlatforms) = preSolution
		Debug|Any CPU = Debug|Any CPU
		Debug|x64 = Debug|x64
		Debug|x86 = Debug|x86
		Release|Any CPU = Release|Any CPU
		Release|x64 = Release|x64
		Release|x86 = Release|x86
	EndGlobalSection
	GlobalSection(ProjectConfigurationPlatforms) = postSolution
		{E05D5AF5-B8DF-4EB2-A49E-52ABC18F40E0}.Debug|Any CPU.ActiveCfg = Debug|Any CPU
		{E05D5AF5-B8DF-4EB2-A49E-52ABC18F40E0}.Debug|Any CPU.Build.0 = Debug|Any CPU
		{E05D5AF5-B8DF-4EB2-A49E-52ABC18F40E0}.Debug|x64.ActiveCfg = Debug|Any CPU
		{E05D5AF5-B8DF-4EB2-A49E-52ABC18F40E0}.Debug|x64.Build.0 = Debug|Any CPU
		{E05D5AF5-B8DF-4EB2-A49E-52ABC18F40E0}.Debug|x86.ActiveCfg = Debug|Any CPU
		{E05D5AF5-B8DF-4EB2-A49E-52ABC18F40E0}.Debug|x86.Build.0 = Debug|Any CPU
		{E05D5AF5-B8DF-4EB2-A49E-52ABC18F40E0}.Release|Any CPU.ActiveCfg = Release|Any CPU
		{E05D5AF5-B8DF-4EB2-A49E-52ABC18F40E0}.Release|Any CPU.Build.0 = Release|Any CPU
		{E05D5AF5-B8DF-4EB2-A49E-52ABC18F40E0}.Release|x64.ActiveCfg = Release|Any CPU
		{E05D5AF5-B8DF-4EB2-A49E-52ABC18F40E0}.Release|x64.Build.0 = Release|Any CPU
		{E05D5AF5-B8DF-4EB2-A49E-52ABC18F40E0}.Release|x86.ActiveCfg = Release|Any CPU
		{E05D5AF5-B8DF-4EB2-A49E-52ABC18F40E0}.Release|x86.Build.0 = Release|Any CPU
		{BFBC2998-1F60-4144-AA1A-F1468D84A1F7}.Debug|Any CPU.ActiveCfg = Debug|Any CPU
		{BFBC2998-1F60-4144-AA1A-F1468D84A1F7}.Debug|Any CPU.Build.0 = Debug|Any CPU
		{BFBC2998-1F60-4144-AA1A-F1468D84A1F7}.Debug|x64.ActiveCfg = Debug|Any CPU
		{BFBC2998-1F60-4144-AA1A-F1468D84A1F7}.Debug|x64.Build.0 = Debug|Any CPU
		{BFBC2998-1F60-4144-AA1A-F1468D84A1F7}.Debug|x86.ActiveCfg = Debug|Any CPU
		{BFBC2998-1F60-4144-AA1A-F1468D84A1F7}.Debug|x86.Build.0 = Debug|Any CPU
		{BFBC2998-1F60-4144-AA1A-F1468D84A1F7}.Release|Any CPU.ActiveCfg = Release|Any CPU
		{BFBC2998-1F60-4144-AA1A-F1468D84A1F7}.Release|Any CPU.Build.0 = Release|Any CPU
		{BFBC2998-1F60-4144-AA1A-F1468D84A1F7}.Release|x64.ActiveCfg = Release|Any CPU
		{BFBC2998-1F60-4144-AA1A-F1468D84A1F7}.Release|x64.Build.0 = Release|Any CPU
		{BFBC2998-1F60-4144-AA1A-F1468D84A1F7}.Release|x86.ActiveCfg = Release|Any CPU
		{BFBC2998-1F60-4144-AA1A-F1468D84A1F7}.Release|x86.Build.0 = Release|Any CPU
		{56413869-3D18-4407-A714-5AFD1683CE34}.Debug|Any CPU.ActiveCfg = Debug|Any CPU
		{56413869-3D18-4407-A714-5AFD1683CE34}.Debug|Any CPU.Build.0 = Debug|Any CPU
		{56413869-3D18-4407-A714-5AFD1683CE34}.Debug|x64.ActiveCfg = Debug|Any CPU
		{56413869-3D18-4407-A714-5AFD1683CE34}.Debug|x64.Build.0 = Debug|Any CPU
		{56413869-3D18-4407-A714-5AFD1683CE34}.Debug|x86.ActiveCfg = Debug|Any CPU
		{56413869-3D18-4407-A714-5AFD1683CE34}.Debug|x86.Build.0 = Debug|Any CPU
		{56413869-3D18-4407-A714-5AFD1683CE34}.Release|Any CPU.ActiveCfg = Release|Any CPU
		{56413869-3D18-4407-A714-5AFD1683CE34}.Release|Any CPU.Build.0 = Release|Any CPU
		{56413869-3D18-4407-A714-5AFD1683CE34}.Release|x64.ActiveCfg = Release|Any CPU
		{56413869-3D18-4407-A714-5AFD1683CE34}.Release|x64.Build.0 = Release|Any CPU
		{56413869-3D18-4407-A714-5AFD1683CE34}.Release|x86.ActiveCfg = Release|Any CPU
		{56413869-3D18-4407-A714-5AFD1683CE34}.Release|x86.Build.0 = Release|Any CPU
		{5834835A-D90F-463A-9CA4-F7FDDE9AEC6D}.Debug|Any CPU.ActiveCfg = Debug|Any CPU
		{5834835A-D90F-463A-9CA4-F7FDDE9AEC6D}.Debug|Any CPU.Build.0 = Debug|Any CPU
		{5834835A-D90F-463A-9CA4-F7FDDE9AEC6D}.Debug|x64.ActiveCfg = Debug|Any CPU
		{5834835A-D90F-463A-9CA4-F7FDDE9AEC6D}.Debug|x64.Build.0 = Debug|Any CPU
		{5834835A-D90F-463A-9CA4-F7FDDE9AEC6D}.Debug|x86.ActiveCfg = Debug|Any CPU
		{5834835A-D90F-463A-9CA4-F7FDDE9AEC6D}.Debug|x86.Build.0 = Debug|Any CPU
		{5834835A-D90F-463A-9CA4-F7FDDE9AEC6D}.Release|Any CPU.ActiveCfg = Release|Any CPU
		{5834835A-D90F-463A-9CA4-F7FDDE9AEC6D}.Release|Any CPU.Build.0 = Release|Any CPU
		{5834835A-D90F-463A-9CA4-F7FDDE9AEC6D}.Release|x64.ActiveCfg = Release|Any CPU
		{5834835A-D90F-463A-9CA4-F7FDDE9AEC6D}.Release|x64.Build.0 = Release|Any CPU
		{5834835A-D90F-463A-9CA4-F7FDDE9AEC6D}.Release|x86.ActiveCfg = Release|Any CPU
		{5834835A-D90F-463A-9CA4-F7FDDE9AEC6D}.Release|x86.Build.0 = Release|Any CPU
		{352FF75F-0A86-44C2-BB94-E6FCB22D4145}.Debug|Any CPU.ActiveCfg = Debug|Any CPU
		{352FF75F-0A86-44C2-BB94-E6FCB22D4145}.Debug|Any CPU.Build.0 = Debug|Any CPU
		{352FF75F-0A86-44C2-BB94-E6FCB22D4145}.Debug|x64.ActiveCfg = Debug|Any CPU
		{352FF75F-0A86-44C2-BB94-E6FCB22D4145}.Debug|x64.Build.0 = Debug|Any CPU
		{352FF75F-0A86-44C2-BB94-E6FCB22D4145}.Debug|x86.ActiveCfg = Debug|Any CPU
		{352FF75F-0A86-44C2-BB94-E6FCB22D4145}.Debug|x86.Build.0 = Debug|Any CPU
		{352FF75F-0A86-44C2-BB94-E6FCB22D4145}.Release|Any CPU.ActiveCfg = Release|Any CPU
		{352FF75F-0A86-44C2-BB94-E6FCB22D4145}.Release|Any CPU.Build.0 = Release|Any CPU
		{352FF75F-0A86-44C2-BB94-E6FCB22D4145}.Release|x64.ActiveCfg = Release|Any CPU
		{352FF75F-0A86-44C2-BB94-E6FCB22D4145}.Release|x64.Build.0 = Release|Any CPU
		{352FF75F-0A86-44C2-BB94-E6FCB22D4145}.Release|x86.ActiveCfg = Release|Any CPU
		{352FF75F-0A86-44C2-BB94-E6FCB22D4145}.Release|x86.Build.0 = Release|Any CPU
		{AC8B70A3-9011-489E-B67F-267220B9CA87}.Debug|Any CPU.ActiveCfg = Debug|Any CPU
		{AC8B70A3-9011-489E-B67F-267220B9CA87}.Debug|Any CPU.Build.0 = Debug|Any CPU
		{AC8B70A3-9011-489E-B67F-267220B9CA87}.Debug|x64.ActiveCfg = Debug|Any CPU
		{AC8B70A3-9011-489E-B67F-267220B9CA87}.Debug|x64.Build.0 = Debug|Any CPU
		{AC8B70A3-9011-489E-B67F-267220B9CA87}.Debug|x86.ActiveCfg = Debug|Any CPU
		{AC8B70A3-9011-489E-B67F-267220B9CA87}.Debug|x86.Build.0 = Debug|Any CPU
		{AC8B70A3-9011-489E-B67F-267220B9CA87}.Release|Any CPU.ActiveCfg = Release|Any CPU
		{AC8B70A3-9011-489E-B67F-267220B9CA87}.Release|Any CPU.Build.0 = Release|Any CPU
		{AC8B70A3-9011-489E-B67F-267220B9CA87}.Release|x64.ActiveCfg = Release|Any CPU
		{AC8B70A3-9011-489E-B67F-267220B9CA87}.Release|x64.Build.0 = Release|Any CPU
		{AC8B70A3-9011-489E-B67F-267220B9CA87}.Release|x86.ActiveCfg = Release|Any CPU
		{AC8B70A3-9011-489E-B67F-267220B9CA87}.Release|x86.Build.0 = Release|Any CPU
		{9B2CA083-B722-441C-A308-32A467EDDFE0}.Debug|Any CPU.ActiveCfg = Debug|Any CPU
		{9B2CA083-B722-441C-A308-32A467EDDFE0}.Debug|Any CPU.Build.0 = Debug|Any CPU
		{9B2CA083-B722-441C-A308-32A467EDDFE0}.Debug|x64.ActiveCfg = Debug|Any CPU
		{9B2CA083-B722-441C-A308-32A467EDDFE0}.Debug|x64.Build.0 = Debug|Any CPU
		{9B2CA083-B722-441C-A308-32A467EDDFE0}.Debug|x86.ActiveCfg = Debug|Any CPU
		{9B2CA083-B722-441C-A308-32A467EDDFE0}.Debug|x86.Build.0 = Debug|Any CPU
		{9B2CA083-B722-441C-A308-32A467EDDFE0}.Release|Any CPU.ActiveCfg = Release|Any CPU
		{9B2CA083-B722-441C-A308-32A467EDDFE0}.Release|Any CPU.Build.0 = Release|Any CPU
		{9B2CA083-B722-441C-A308-32A467EDDFE0}.Release|x64.ActiveCfg = Release|Any CPU
		{9B2CA083-B722-441C-A308-32A467EDDFE0}.Release|x64.Build.0 = Release|Any CPU
		{9B2CA083-B722-441C-A308-32A467EDDFE0}.Release|x86.ActiveCfg = Release|Any CPU
		{9B2CA083-B722-441C-A308-32A467EDDFE0}.Release|x86.Build.0 = Release|Any CPU
	EndGlobalSection
	GlobalSection(SolutionProperties) = preSolution
		HideSolutionNode = FALSE
	EndGlobalSection
	GlobalSection(NestedProjects) = preSolution
		{21CF4CAE-5B7B-445C-8383-013F645053A0} = {8E83E2EB-D8D9-4D34-98E2-445D60D30EB9}
		{E05D5AF5-B8DF-4EB2-A49E-52ABC18F40E0} = {21CF4CAE-5B7B-445C-8383-013F645053A0}
		{BFBC2998-1F60-4144-AA1A-F1468D84A1F7} = {21CF4CAE-5B7B-445C-8383-013F645053A0}
		{56413869-3D18-4407-A714-5AFD1683CE34} = {8E83E2EB-D8D9-4D34-98E2-445D60D30EB9}
		{5834835A-D90F-463A-9CA4-F7FDDE9AEC6D} = {8E83E2EB-D8D9-4D34-98E2-445D60D30EB9}
		{352FF75F-0A86-44C2-BB94-E6FCB22D4145} = {0AB3BF05-4346-4AA6-1389-037BE0695223}
		{4A75F0FC-6348-B30D-E8B5-3843AFAAEACF} = {21CF4CAE-5B7B-445C-8383-013F645053A0}
		{CD81B9DD-8575-3F62-2786-7A4C5776B3E1} = {21CF4CAE-5B7B-445C-8383-013F645053A0}
		{AC8B70A3-9011-489E-B67F-267220B9CA87} = {0AB3BF05-4346-4AA6-1389-037BE0695223}
		{9B2CA083-B722-441C-A308-32A467EDDFE0} = {0AB3BF05-4346-4AA6-1389-037BE0695223}
	EndGlobalSection
EndGlobal
